<?xml version="1.0" encoding="utf-8"?>
<Project ToolsVersion="4.0" xmlns="http://schemas.microsoft.com/developer/msbuild/2003">
  <ItemGroup>
    <Filter Include="Исходные файлы">
      <UniqueIdentifier>{4FC737F1-C7A5-4376-A066-2A32D752A2FF}</UniqueIdentifier>
      <Extensions>cpp;c;cc;cxx;c++;cppm;ixx;def;odl;idl;hpj;bat;asm;asmx</Extensions>
    </Filter>
    <Filter Include="Файлы заголовков">
      <UniqueIdentifier>{93995380-89BD-4b04-88EB-625FBE52EBFB}</UniqueIdentifier>
      <Extensions>h;hh;hpp;hxx;h++;hm;inl;inc;ipp;xsd</Extensions>
    </Filter>
    <Filter Include="Файлы ресурсов">
      <UniqueIdentifier>{67DA6AB6-F800-4c08-8B7A-83BB121AAD01}</UniqueIdentifier>
      <Extensions>rc;ico;cur;bmp;dlg;rc2;rct;bin;rgs;gif;jpg;jpeg;jpe;resx;tiff;tif;png;wav;mfcribbon-ms</Extensions>
    </Filter>
  </ItemGroup>
  <ItemGroup>
    <ClCompile Include="main.cpp">
      <Filter>Исходные файлы</Filter>
    </ClCompile>
    <ClCompile Include="MainMenu.cpp">
      <Filter>Исходные файлы</Filter>
    </ClCompile>
    <ClCompile Include="Button.cpp">
      <Filter>Исходные файлы</Filter>
    </ClCompile>
  </ItemGroup>
  <ItemGroup>
    <ClInclude Include="cat.h">
      <Filter>Файлы заголовков</Filter>
    </ClInclude>
    <ClInclude Include="info.h">
      <Filter>Файлы заголовков</Filter>
    </ClInclude>
    <ClInclude Include="progressBar.h">
      <Filter>Файлы заголовков</Filter>
    </ClInclude>
    <ClInclude Include="MainMenu.h">
      <Filter>Файлы заголовков</Filter>
    </ClInclude>
    <ClInclude Include="Button.h">
      <Filter>Файлы заголовков</Filter>
    </ClInclude>
  </ItemGroup>
  <ItemGroup>
    <Image Include="cat_eat.png">
      <Filter>Файлы ресурсов</Filter>
    </Image>
    <Image Include="cat_idle.png">
      <Filter>Файлы ресурсов</Filter>
    </Image>
    <Image Include="chin_eat.png">
      <Filter>Файлы ресурсов</Filter>
    </Image>
    <Image Include="chin_idle.png">
      <Filter>Файлы ресурсов</Filter>
    </Image>
    <Image Include="dog_eat.png">
      <Filter>Файлы ресурсов</Filter>
    </Image>
    <Image Include="dog_idle.png">
      <Filter>Файлы ресурсов</Filter>
    </Image>
    <Image Include="lose_menu.png">
      <Filter>Файлы ресурсов</Filter>
    </Image>
    <Image Include="pause.png">
      <Filter>Файлы ресурсов</Filter>
    </Image>
    <Image Include="pause_menu.png">
      <Filter>Файлы ресурсов</Filter>
    </Image>
    <Image Include="win_menu.png">
      <Filter>Файлы ресурсов</Filter>
    </Image>
    <Image Include="menu_background.png">
      <Filter>Файлы ресурсов</Filter>
    </Image>
    <Image Include="menu_play.png">
      <Filter>Файлы ресурсов</Filter>
    </Image>
    <Image Include="menu_quit.png">
      <Filter>Файлы ресурсов</Filter>
    </Image>
    <Image Include="choose_menu_cat.png">
      <Filter>Файлы ресурсов</Filter>
    </Image>
    <Image Include="choose_menu_chin.png">
      <Filter>Файлы ресурсов</Filter>
    </Image>
    <Image Include="choose_menu_dog.png">
      <Filter>Файлы ресурсов</Filter>
    </Image>
    <Image Include="choose_menu1.png">
      <Filter>Файлы ресурсов</Filter>
    </Image>
    <Image Include="clean_bar.png">
      <Filter>Файлы ресурсов</Filter>
    </Image>
    <Image Include="full_bar.png">
      <Filter>Файлы ресурсов</Filter>
    </Image>
    <Image Include="hydr_bar.png">
      <Filter>Файлы ресурсов</Filter>
    </Image>
  </ItemGroup>
  <ItemGroup>
    <None Include="..\..\..\..\..\.gitignore">
      <Filter>Файлы ресурсов</Filter>
    </None>
    <None Include=".gitignore">
      <Filter>Файлы ресурсов</Filter>
    </None>
  </ItemGroup>
</Project>