<?xml version="1.0" encoding="utf-8"?>
<Project ToolsVersion="4.0" xmlns="http://schemas.microsoft.com/developer/msbuild/2003">
  <ItemGroup>
    <Filter Include="Исходные файлы">
      <UniqueIdentifier>{4FC737F1-C7A5-4376-A066-2A32D752A2FF}</UniqueIdentifier>
      <Extensions>cpp;c;cc;cxx;c++;cppm;ixx;def;odl;idl;hpj;bat;asm;asmx</Extensions>
    </Filter>
    <Filter Include="Файлы заголовков">
      <UniqueIdentifier>{93995380-89BD-4b04-88EB-625FBE52EBFB}</UniqueIdentifier>
      <Extensions>h;hh;hpp;hxx;h++;hm;inl;inc;ipp;xsd</Extensions>
    </Filter>
    <Filter Include="Файлы ресурсов">
      <UniqueIdentifier>{67DA6AB6-F800-4c08-8B7A-83BB121AAD01}</UniqueIdentifier>
      <Extensions>rc;ico;cur;bmp;dlg;rc2;rct;bin;rgs;gif;jpg;jpeg;jpe;resx;tiff;tif;png;wav;mfcribbon-ms</Extensions>
    </Filter>
    <Filter Include="Исходные файлы\Dino">
      <UniqueIdentifier>{99ef9c8d-5a61-4ef7-93ab-7f3dd1a12b76}</UniqueIdentifier>
    </Filter>
    <Filter Include="Исходные файлы\Player">
      <UniqueIdentifier>{cf119372-fc67-4d49-b880-da7185abddd9}</UniqueIdentifier>
    </Filter>
    <Filter Include="Исходные файлы\Interaction">
      <UniqueIdentifier>{62971019-670b-41e2-9358-8dc4a6aa1caa}</UniqueIdentifier>
    </Filter>
  </ItemGroup>
  <ItemGroup>
    <ClCompile Include="DinoGame.cpp">
      <Filter>Исходные файлы</Filter>
    </ClCompile>
  </ItemGroup>
  <ItemGroup>
    <ClInclude Include="Dino.h">
      <Filter>Исходные файлы\Dino</Filter>
    </ClInclude>
    <ClInclude Include="Player.h">
      <Filter>Исходные файлы\Player</Filter>
    </ClInclude>
    <ClInclude Include="Fight.h">
      <Filter>Исходные файлы\Interaction</Filter>
    </ClInclude>
    <ClInclude Include="Button.h">
      <Filter>Исходные файлы\Interaction</Filter>
    </ClInclude>
    <ClInclude Include="TextureLoader.h">
      <Filter>Исходные файлы\Interaction</Filter>
    </ClInclude>
    <ClInclude Include="includes.h">
      <Filter>Файлы заголовков</Filter>
    </ClInclude>
    <ClInclude Include="Shop.h">
      <Filter>Исходные файлы\Interaction</Filter>
    </ClInclude>
    <ClInclude Include="DinoType.h">
      <Filter>Исходные файлы\Interaction</Filter>
    </ClInclude>
  </ItemGroup>
</Project>